PODS:
  - IQKeyboardManager (6.0.4)
  - MHAuthenticateNumberPad (0.0.2):
    - IQKeyboardManager (= 6.0.4)

DEPENDENCIES:
  - MHAuthenticateNumberPad (from `../`)

SPEC REPOS:
  https://github.com/cocoapods/specs.git:
    - IQKeyboardManager

EXTERNAL SOURCES:
  MHAuthenticateNumberPad:
    :path: "../"

SPEC CHECKSUMS:
  IQKeyboardManager: 29514134ef0334a6fa33cf4eee11c36c064baeaf
  MHAuthenticateNumberPad: 9a93a24ce58f0129ffaf29b8cbc6c1a1404866c6

PODFILE CHECKSUM: 75936f53e8a1ce9b202ee8565aed98a0bdd56684

COCOAPODS: 1.5.3
